# This file was autogenerated by Stack.
# You should not edit this file by hand.
# For more information, please see the documentation at:
#   https://docs.haskellstack.org/en/stable/lock_files

packages:
- completed:
    hackage: servant-quickcheck-0.0.10.0@sha256:1d5849d703c2487752f8fc7391cca7c998ee24f54ca0bb72d238bf99b64ac667,3755
    pantry-tree:
      size: 976
      sha256: 37dab60111c71d011fc4964e9a8b4b05ac544bc0ba8155e895518680066c2adb
  original:
    hackage: servant-quickcheck-0.0.10.0@sha256:1d5849d703c2487752f8fc7391cca7c998ee24f54ca0bb72d238bf99b64ac667,3755
- completed:
    hackage: sqlite-simple-0.4.18.0@sha256:3ceea56375c0a3590c814e411a4eb86943f8d31b93b110ca159c90689b6b39e5,3002
    pantry-tree:
      size: 1930
      sha256: e58b9955e483d51ee0966f8ba4384305d871480e2a38b32ee0fcd4573d74cf95
  original:
    hackage: sqlite-simple-0.4.18.0@sha256:3ceea56375c0a3590c814e411a4eb86943f8d31b93b110ca159c90689b6b39e5,3002
- completed:
    hackage: servant-client-core-0.18.2@sha256:ad63ae0f227373fea7e547d4c2a7b0b69e112ff409a83cbadffc9f6ee049926f,3763
    pantry-tree:
      size: 1444
      sha256: 9e37bc5f8cbb70cf1accb20bd6f83fca4c2ca42472cd0fc4b22183c2c57cbe3b
  original:
    hackage: servant-client-core-0.18.2@sha256:ad63ae0f227373fea7e547d4c2a7b0b69e112ff409a83cbadffc9f6ee049926f,3763
- completed:
    hackage: servant-0.18.2@sha256:f8c9f0e9891a3ada1337a3c0b369333a3b5a2d0909dd3cd09d79bc26adeaca44,5298
    pantry-tree:
      size: 2662
      sha256: e930e814de1aa4d24274bdf18341a50b7ed38604ae4734f730e09238ac5bf7e2
  original:
    hackage: servant-0.18.2@sha256:f8c9f0e9891a3ada1337a3c0b369333a3b5a2d0909dd3cd09d79bc26adeaca44,5298
- completed:
    hackage: servant-client-0.18.2@sha256:82578ade7468873259bb2fdc9d62290a0f998550900683e1410a237ed4b05410,4591
    pantry-tree:
      size: 1300
      sha256: 6324892c77bedbce32f0d6f1612fc2cb0d82c163d3be39efb951d3cc3792ce4a
  original:
    hackage: servant-client-0.18.2@sha256:82578ade7468873259bb2fdc9d62290a0f998550900683e1410a237ed4b05410,4591
- completed:
    hackage: servant-server-0.18.2@sha256:56679af62ab8820a2108da6153d9ae9dde37199e62172365bdaea1458c3f7c2d,5482
    pantry-tree:
      size: 2614
      sha256: 3ac7430134439e4b67f0f5333f63b89d0cb7de5e2e07f0af7801c8e223942b9c
  original:
    hackage: servant-server-0.18.2@sha256:56679af62ab8820a2108da6153d9ae9dde37199e62172365bdaea1458c3f7c2d,5482
- completed:
    hackage: direct-sqlite-2.3.26@sha256:04e835402f1508abca383182023e4e2b9b86297b8533afbd4e57d1a5652e0c23,3718
    pantry-tree:
      size: 770
      sha256: 11874ab21e10c5b54cd1e02a037b677dc1e2ee9986f38c599612c56654dc01c3
  original:
    hackage: direct-sqlite-2.3.26@sha256:04e835402f1508abca383182023e4e2b9b86297b8533afbd4e57d1a5652e0c23,3718
- completed:
    hackage: monadIO-0.11.1.0@sha256:2407c8aee3a74f3eba897f7c87f702f502394aec8cd412f3d2334cc353f54f13,964
    pantry-tree:
      size: 443
      sha256: 608107686873b5685ba9d29d65a61fad8f6868e58d92da6349902a851345c125
  original:
    hackage: monadIO-0.11.1.0@sha256:2407c8aee3a74f3eba897f7c87f702f502394aec8cd412f3d2334cc353f54f13,964
- completed:
    hackage: proxy-0.1.0.0@sha256:e50776346892a712d49fb8f9c3433a15d6c2ea362cb73040dbed420e21c3606f,825
    pantry-tree:
      size: 253
      sha256: 4bcae39706dd90a6e48f29a6875cfd491cbeea2749ae1b97baefb56e7e46b4a9
  original:
    hackage: proxy-0.1.0.0@sha256:e50776346892a712d49fb8f9c3433a15d6c2ea362cb73040dbed420e21c3606f,825
snapshots:
- completed:
    size: 532172
    url: https://raw.githubusercontent.com/commercialhaskell/stackage-snapshots/master/lts/16/18.yaml
    sha256: 4f2a092c6f4869854e8d7435ab98ce5157c641022c3cbfc4c4614ff3db752e62
  original: lts-16.18
